
Microsoft Visual Studio Solution File, Format Version 12.00
# Visual Studio 14
VisualStudioVersion = 14.0.25420.1
MinimumVisualStudioVersion = 10.0.40219.1
Project("{8BC9CEB8-8B4A-11D0-8D11-00A0C91BC942}") = "VuforiaAdapter.Shared", "VuforiaAdapter.Shared\VuforiaAdapter.Shared.vcxitems", "{45D41ACC-2C3C-43D2-BC10-02AA73FFC7C7}"
EndProject
Project("{8BC9CEB8-8B4A-11D0-8D11-00A0C91BC942}") = "VuforiaUWPAdapter", "VuforiaUWPAdapter\VuforiaUWPAdapter.vcxproj", "{08AF3378-8FB2-499F-B146-56CF11CDC474}"
EndProject
Project("{8BC9CEB8-8B4A-11D0-8D11-00A0C91BC942}") = "VuforiaAndroidAdapter", "VuforiaAndroidAdapter\VuforiaAndroidAdapter.vcxproj", "{44F3189E-0B7D-467E-AAEA-558597900D36}"
EndProject
Global
	GlobalSection(SharedMSBuildProjectFiles) = preSolution
		VuforiaAdapter.Shared\VuforiaAdapter.Shared.vcxitems*{08af3378-8fb2-499f-b146-56cf11cdc474}*SharedItemsImports = 4
		VuforiaAdapter.Shared\VuforiaAdapter.Shared.vcxitems*{44f3189e-0b7d-467e-aaea-558597900d36}*SharedItemsImports = 4
		VuforiaAdapter.Shared\VuforiaAdapter.Shared.vcxitems*{45d41acc-2c3c-43d2-bc10-02aa73ffc7c7}*SharedItemsImports = 9
	EndGlobalSection
	GlobalSection(SolutionConfigurationPlatforms) = preSolution
		Debug|ARM = Debug|ARM
		Debug|x64 = Debug|x64
		Debug|x86 = Debug|x86
		Release|ARM = Release|ARM
		Release|x64 = Release|x64
		Release|x86 = Release|x86
	EndGlobalSection
	GlobalSection(ProjectConfigurationPlatforms) = postSolution
		{08AF3378-8FB2-499F-B146-56CF11CDC474}.Debug|ARM.ActiveCfg = Debug|Win32
		{08AF3378-8FB2-499F-B146-56CF11CDC474}.Debug|x64.ActiveCfg = Debug|x64
		{08AF3378-8FB2-499F-B146-56CF11CDC474}.Debug|x64.Build.0 = Debug|x64
		{08AF3378-8FB2-499F-B146-56CF11CDC474}.Debug|x86.ActiveCfg = Debug|Win32
		{08AF3378-8FB2-499F-B146-56CF11CDC474}.Debug|x86.Build.0 = Debug|Win32
		{08AF3378-8FB2-499F-B146-56CF11CDC474}.Release|ARM.ActiveCfg = Release|Win32
		{08AF3378-8FB2-499F-B146-56CF11CDC474}.Release|ARM.Build.0 = Release|Win32
		{08AF3378-8FB2-499F-B146-56CF11CDC474}.Release|x64.ActiveCfg = Release|x64
		{08AF3378-8FB2-499F-B146-56CF11CDC474}.Release|x64.Build.0 = Release|x64
		{08AF3378-8FB2-499F-B146-56CF11CDC474}.Release|x86.ActiveCfg = Release|Win32
		{08AF3378-8FB2-499F-B146-56CF11CDC474}.Release|x86.Build.0 = Release|Win32
		{44F3189E-0B7D-467E-AAEA-558597900D36}.Debug|ARM.ActiveCfg = Debug|ARM
		{44F3189E-0B7D-467E-AAEA-558597900D36}.Debug|ARM.Build.0 = Debug|ARM
		{44F3189E-0B7D-467E-AAEA-558597900D36}.Debug|x64.ActiveCfg = Debug|x86
		{44F3189E-0B7D-467E-AAEA-558597900D36}.Debug|x86.ActiveCfg = Debug|x86
		{44F3189E-0B7D-467E-AAEA-558597900D36}.Debug|x86.Build.0 = Debug|x86
		{44F3189E-0B7D-467E-AAEA-558597900D36}.Release|ARM.ActiveCfg = Release|ARM
		{44F3189E-0B7D-467E-AAEA-558597900D36}.Release|ARM.Build.0 = Release|ARM
		{44F3189E-0B7D-467E-AAEA-558597900D36}.Release|x64.ActiveCfg = Release|x86
		{44F3189E-0B7D-467E-AAEA-558597900D36}.Release|x86.ActiveCfg = Release|x86
		{44F3189E-0B7D-467E-AAEA-558597900D36}.Release|x86.Build.0 = Release|x86
	EndGlobalSection
	GlobalSection(SolutionProperties) = preSolution
		HideSolutionNode = FALSE
	EndGlobalSection
EndGlobal
